Microsoft Visual Studio Solution File, Format Version 11.00
# Visual Studio 2008

Project("{086F58E7-7A02-CADF-01A1-251386F8D1F2}") = "CharacterAnimation", "Assembly-CSharp.csproj", "{FCF864CE-D1AC-9DFC-7889-A695D3AB7DE6}"
EndProject
Global
	GlobalSection(SolutionConfigurationPlatforms) = preSolution
		Debug|Any CPU = Debug|Any CPU
		Release|Any CPU = Release|Any CPU
	EndGlobalSection
	GlobalSection(ProjectConfigurationPlatforms) = postSolution
		{FCF864CE-D1AC-9DFC-7889-A695D3AB7DE6}.Debug|Any CPU.ActiveCfg = Debug|Any CPU
		{FCF864CE-D1AC-9DFC-7889-A695D3AB7DE6}.Debug|Any CPU.Build.0 = Debug|Any CPU
		{FCF864CE-D1AC-9DFC-7889-A695D3AB7DE6}.Release|Any CPU.ActiveCfg = Release|Any CPU
		{FCF864CE-D1AC-9DFC-7889-A695D3AB7DE6}.Release|Any CPU.Build.0 = Release|Any CPU
	EndGlobalSection
	GlobalSection(SolutionProperties) = preSolution
		HideSolutionNode = FALSE
	EndGlobalSection
	GlobalSection(MonoDevelopProperties) = preSolution
		StartupItem = Assembly-CSharp.csproj
	EndGlobalSection
EndGlobal
